// !$*UTF8*$!
{
	archiveVersion = 1;
	classes = {
	};
	objectVersion = 46;
	objects = {

/* Begin PBXBuildFile section */
		503A47261E22C4FD00D59BF6 /* Tests.c in Sources */ = {isa = PBXBuildFile; fileRef = 503A47241E22C4FD00D59BF6 /* Tests.c */; };
		50893CA71E1FA897003AB336 /* main.c in Sources */ = {isa = PBXBuildFile; fileRef = 50893CA61E1FA897003AB336 /* main.c */; };
		50893CAF1E1FA8F8003AB336 /* Steps.c in Sources */ = {isa = PBXBuildFile; fileRef = 50893CAD1E1FA8F8003AB336 /* Steps.c */; };
/* End PBXBuildFile section */

/* Begin PBXCopyFilesBuildPhase section */
		50893CA11E1FA897003AB336 /* CopyFiles */ = {
			isa = PBXCopyFilesBuildPhase;
			buildActionMask = 2147483647;
			dstPath = /usr/share/man/man1/;
			dstSubfolderSpec = 0;
			files = (
			);
			runOnlyForDeploymentPostprocessing = 1;
		};
/* End PBXCopyFilesBuildPhase section */

/* Begin PBXFileReference section */
		503A47241E22C4FD00D59BF6 /* Tests.c */ = {isa = PBXFileReference; fileEncoding = 4; lastKnownFileType = sourcecode.c.c; path = Tests.c; sourceTree = "<group>"; };
		503A47251E22C4FD00D59BF6 /* Tests.h */ = {isa = PBXFileReference; fileEncoding = 4; lastKnownFileType = sourcecode.c.h; path = Tests.h; sourceTree = "<group>"; };
		50893CA31E1FA897003AB336 /* SHAKE-256 */ = {isa = PBXFileReference; explicitFileType = "compiled.mach-o.executable"; includeInIndex = 0; path = "SHAKE-256"; sourceTree = BUILT_PRODUCTS_DIR; };
		50893CA61E1FA897003AB336 /* main.c */ = {isa = PBXFileReference; lastKnownFileType = sourcecode.c.c; path = main.c; sourceTree = "<group>"; };
		50893CAD1E1FA8F8003AB336 /* Steps.c */ = {isa = PBXFileReference; fileEncoding = 4; lastKnownFileType = sourcecode.c.c; path = Steps.c; sourceTree = "<group>"; };
		50893CAE1E1FA8F8003AB336 /* Steps.h */ = {isa = PBXFileReference; fileEncoding = 4; lastKnownFileType = sourcecode.c.h; path = Steps.h; sourceTree = "<group>"; };
/* End PBXFileReference section */

/* Begin PBXFrameworksBuildPhase section */
		50893CA01E1FA897003AB336 /* Frameworks */ = {
			isa = PBXFrameworksBuildPhase;
			buildActionMask = 2147483647;
			files = (
			);
			runOnlyForDeploymentPostprocessing = 0;
		};
/* End PBXFrameworksBuildPhase section */

/* Begin PBXGroup section */
		50893C9A1E1FA897003AB336 = {
			isa = PBXGroup;
			children = (
				50893CA51E1FA897003AB336 /* SHAKE-256 */,
				50893CA41E1FA897003AB336 /* Products */,
			);
			sourceTree = "<group>";
		};
		50893CA41E1FA897003AB336 /* Products */ = {
			isa = PBXGroup;
			children = (
				50893CA31E1FA897003AB336 /* SHAKE-256 */,
			);
			name = Products;
			sourceTree = "<group>";
		};
		50893CA51E1FA897003AB336 /* SHAKE-256 */ = {
			isa = PBXGroup;
			children = (
				50893CA61E1FA897003AB336 /* main.c */,
				50893CAD1E1FA8F8003AB336 /* Steps.c */,
				50893CAE1E1FA8F8003AB336 /* Steps.h */,
				503A47241E22C4FD00D59BF6 /* Tests.c */,
				503A47251E22C4FD00D59BF6 /* Tests.h */,
			);
			path = "SHAKE-256";
			sourceTree = "<group>";
		};
/* End PBXGroup section */

/* Begin PBXNativeTarget section */
		50893CA21E1FA897003AB336 /* SHAKE-256 */ = {
			isa = PBXNativeTarget;
			buildConfigurationList = 50893CAA1E1FA897003AB336 /* Build configuration list for PBXNativeTarget "SHAKE-256" */;
			buildPhases = (
				50893C9F1E1FA897003AB336 /* Sources */,
				50893CA01E1FA897003AB336 /* Frameworks */,
				50893CA11E1FA897003AB336 /* CopyFiles */,
			);
			buildRules = (
			);
			dependencies = (
			);
			name = "SHAKE-256";
			productName = "SHAKE-256";
			productReference = 50893CA31E1FA897003AB336 /* SHAKE-256 */;
			productType = "com.apple.product-type.tool";
		};
/* End PBXNativeTarget section */

/* Begin PBXProject section */
		50893C9B1E1FA897003AB336 /* Project object */ = {
			isa = PBXProject;
			attributes = {
				LastUpgradeCheck = 0820;
				ORGANIZATIONNAME = "LARCHER Maxime";
				TargetAttributes = {
					50893CA21E1FA897003AB336 = {
						CreatedOnToolsVersion = 8.2.1;
						ProvisioningStyle = Automatic;
					};
				};
			};
			buildConfigurationList = 50893C9E1E1FA897003AB336 /* Build configuration list for PBXProject "SHAKE-256" */;
			compatibilityVersion = "Xcode 3.2";
			developmentRegion = English;
			hasScannedForEncodings = 0;
			knownRegions = (
				en,
			);
			mainGroup = 50893C9A1E1FA897003AB336;
			productRefGroup = 50893CA41E1FA897003AB336 /* Products */;
			projectDirPath = "";
			projectRoot = "";
			targets = (
				50893CA21E1FA897003AB336 /* SHAKE-256 */,
			);
		};
/* End PBXProject section */

/* Begin PBXSourcesBuildPhase section */
		50893C9F1E1FA897003AB336 /* Sources */ = {
			isa = PBXSourcesBuildPhase;
			buildActionMask = 2147483647;
			files = (
				503A47261E22C4FD00D59BF6 /* Tests.c in Sources */,
				50893CA71E1FA897003AB336 /* main.c in Sources */,
				50893CAF1E1FA8F8003AB336 /* Steps.c in Sources */,
			);
			runOnlyForDeploymentPostprocessing = 0;
		};
/* End PBXSourcesBuildPhase section */

/* Begin XCBuildConfiguration section */
		50893CA81E1FA897003AB336 /* Debug */ = {
			isa = XCBuildConfiguration;
			buildSettings = {
				ALWAYS_SEARCH_USER_PATHS = NO;
				CLANG_ANALYZER_NONNULL = YES;
				CLANG_CXX_LANGUAGE_STANDARD = "gnu++0x";
				CLANG_CXX_LIBRARY = "libc++";
				CLANG_ENABLE_MODULES = YES;
				CLANG_ENABLE_OBJC_ARC = YES;
				CLANG_WARN_BOOL_CONVERSION = YES;
				CLANG_WARN_CONSTANT_CONVERSION = YES;
				CLANG_WARN_DIRECT_OBJC_ISA_USAGE = YES_ERROR;
				CLANG_WARN_DOCUMENTATION_COMMENTS = YES;
				CLANG_WARN_EMPTY_BODY = YES;
				CLANG_WARN_ENUM_CONVERSION = YES;
				CLANG_WARN_INFINITE_RECURSION = YES;
				CLANG_WARN_INT_CONVERSION = YES;
				CLANG_WARN_OBJC_ROOT_CLASS = YES_ERROR;
				CLANG_WARN_SUSPICIOUS_MOVE = YES;
				CLANG_WARN_UNREACHABLE_CODE = YES;
				CLANG_WARN__DUPLICATE_METHOD_MATCH = YES;
				CODE_SIGN_IDENTITY = "-";
				COPY_PHASE_STRIP = NO;
				DEBUG_INFORMATION_FORMAT = dwarf;
				ENABLE_STRICT_OBJC_MSGSEND = YES;
				ENABLE_TESTABILITY = YES;
				GCC_C_LANGUAGE_STANDARD = gnu99;
				GCC_DYNAMIC_NO_PIC = NO;
				GCC_NO_COMMON_BLOCKS = YES;
				GCC_OPTIMIZATION_LEVEL = 0;
				GCC_PREPROCESSOR_DEFINITIONS = (
					"DEBUG=1",
					"$(inherited)",
				);
				GCC_WARN_64_TO_32_BIT_CONVERSION = YES;
				GCC_WARN_ABOUT_RETURN_TYPE = YES_ERROR;
				GCC_WARN_UNDECLARED_SELECTOR = YES;
				GCC_WARN_UNINITIALIZED_AUTOS = YES_AGGRESSIVE;
				GCC_WARN_UNUSED_FUNCTION = YES;
				GCC_WARN_UNUSED_VARIABLE = YES;
				MACOSX_DEPLOYMENT_TARGET = 10.12;
				MTL_ENABLE_DEBUG_INFO = YES;
				ONLY_ACTIVE_ARCH = YES;
				SDKROOT = macosx;
			};
			name = Debug;
		};
		50893CA91E1FA897003AB336 /* Release */ = {
			isa = XCBuildConfiguration;
			buildSettings = {
				ALWAYS_SEARCH_USER_PATHS = NO;
				CLANG_ANALYZER_NONNULL = YES;
				CLANG_CXX_LANGUAGE_STANDARD = "gnu++0x";
				CLANG_CXX_LIBRARY = "libc++";
				CLANG_ENABLE_MODULES = YES;
				CLANG_ENABLE_OBJC_ARC = YES;
				CLANG_WARN_BOOL_CONVERSION = YES;
				CLANG_WARN_CONSTANT_CONVERSION = YES;
				CLANG_WARN_DIRECT_OBJC_ISA_USAGE = YES_ERROR;
				CLANG_WARN_DOCUMENTATION_COMMENTS = YES;
				CLANG_WARN_EMPTY_BODY = YES;
				CLANG_WARN_ENUM_CONVERSION = YES;
				CLANG_WARN_INFINITE_RECURSION = YES;
				CLANG_WARN_INT_CONVERSION = YES;
				CLANG_WARN_OBJC_ROOT_CLASS = YES_ERROR;
				CLANG_WARN_SUSPICIOUS_MOVE = YES;
				CLANG_WARN_UNREACHABLE_CODE = YES;
				CLANG_WARN__DUPLICATE_METHOD_MATCH = YES;
				CODE_SIGN_IDENTITY = "-";
				COPY_PHASE_STRIP = NO;
				DEBUG_INFORMATION_FORMAT = "dwarf-with-dsym";
				ENABLE_NS_ASSERTIONS = NO;
				ENABLE_STRICT_OBJC_MSGSEND = YES;
				GCC_C_LANGUAGE_STANDARD = gnu99;
				GCC_NO_COMMON_BLOCKS = YES;
				GCC_WARN_64_TO_32_BIT_CONVERSION = YES;
				GCC_WARN_ABOUT_RETURN_TYPE = YES_ERROR;
				GCC_WARN_UNDECLARED_SELECTOR = YES;
				GCC_WARN_UNINITIALIZED_AUTOS = YES_AGGRESSIVE;
				GCC_WARN_UNUSED_FUNCTION = YES;
				GCC_WARN_UNUSED_VARIABLE = YES;
				MACOSX_DEPLOYMENT_TARGET = 10.12;
				MTL_ENABLE_DEBUG_INFO = NO;
				SDKROOT = macosx;
			};
			name = Release;
		};
		50893CAB1E1FA897003AB336 /* Debug */ = {
			isa = XCBuildConfiguration;
			buildSettings = {
				PRODUCT_NAME = "$(TARGET_NAME)";
			};
			name = Debug;
		};
		50893CAC1E1FA897003AB336 /* Release */ = {
			isa = XCBuildConfiguration;
			buildSettings = {
				PRODUCT_NAME = "$(TARGET_NAME)";
			};
			name = Release;
		};
/* End XCBuildConfiguration section */

/* Begin XCConfigurationList section */
		50893C9E1E1FA897003AB336 /* Build configuration list for PBXProject "SHAKE-256" */ = {
			isa = XCConfigurationList;
			buildConfigurations = (
				50893CA81E1FA897003AB336 /* Debug */,
				50893CA91E1FA897003AB336 /* Release */,
			);
			defaultConfigurationIsVisible = 0;
			defaultConfigurationName = Release;
		};
		50893CAA1E1FA897003AB336 /* Build configuration list for PBXNativeTarget "SHAKE-256" */ = {
			isa = XCConfigurationList;
			buildConfigurations = (
				50893CAB1E1FA897003AB336 /* Debug */,
				50893CAC1E1FA897003AB336 /* Release */,
			);
			defaultConfigurationIsVisible = 0;
			defaultConfigurationName = Release;
		};
/* End XCConfigurationList section */
	};
	rootObject = 50893C9B1E1FA897003AB336 /* Project object */;
}
